
Microsoft Visual Studio Solution File, Format Version 12.00
# Visual Studio Version 16
VisualStudioVersion = 16.0.29926.136
MinimumVisualStudioVersion = 10.0.40219.1
Project("{9A19103F-16F7-4668-BE54-9A1E7A4F7556}") = "BitSerializer", "BitSerializer\BitSerializer.csproj", "{C4E8CC3B-02CF-4836-BEEC-BFC6E7F544B4}"
EndProject
Project("{9A19103F-16F7-4668-BE54-9A1E7A4F7556}") = "BitSerializer.Tests", "BitSerializer.Tests\BitSerializer.Tests.csproj", "{E38E4E6A-26E4-4141-B216-875EF04FD437}"
EndProject
Project("{9A19103F-16F7-4668-BE54-9A1E7A4F7556}") = "BitSerializer.Sample", "BitSerializer.Sample\BitSerializer.Sample.csproj", "{846F7674-C751-4693-84DF-DBB85DB37E8A}"
EndProject
Project("{2150E333-8FDC-42A3-9474-1A3956D46DE8}") = "Tests", "Tests", "{FA778E94-D047-4427-A651-1E1718BDADC5}"
EndProject
Project("{2150E333-8FDC-42A3-9474-1A3956D46DE8}") = "Lib", "Lib", "{E1151ADD-69EA-4ADF-B427-A9F45395F6A1}"
EndProject
Project("{2150E333-8FDC-42A3-9474-1A3956D46DE8}") = "Samples", "Samples", "{94AC6F55-6EF4-4974-9E59-55E566AEE5D4}"
EndProject
Project("{FAE04EC0-301F-11D3-BF4B-00C04F79EFBC}") = "BitSerializer.Benchmarks", "BitSerializer.Benchmarks\BitSerializer.Benchmarks.csproj", "{A954625C-D4F8-4FFA-80B3-019B8DF71122}"
EndProject
Global
	GlobalSection(SolutionConfigurationPlatforms) = preSolution
		Debug|Any CPU = Debug|Any CPU
		Release|Any CPU = Release|Any CPU
	EndGlobalSection
	GlobalSection(ProjectConfigurationPlatforms) = postSolution
		{C4E8CC3B-02CF-4836-BEEC-BFC6E7F544B4}.Debug|Any CPU.ActiveCfg = Debug|Any CPU
		{C4E8CC3B-02CF-4836-BEEC-BFC6E7F544B4}.Debug|Any CPU.Build.0 = Debug|Any CPU
		{C4E8CC3B-02CF-4836-BEEC-BFC6E7F544B4}.Release|Any CPU.ActiveCfg = Release|Any CPU
		{C4E8CC3B-02CF-4836-BEEC-BFC6E7F544B4}.Release|Any CPU.Build.0 = Release|Any CPU
		{E38E4E6A-26E4-4141-B216-875EF04FD437}.Debug|Any CPU.ActiveCfg = Debug|Any CPU
		{E38E4E6A-26E4-4141-B216-875EF04FD437}.Debug|Any CPU.Build.0 = Debug|Any CPU
		{E38E4E6A-26E4-4141-B216-875EF04FD437}.Release|Any CPU.ActiveCfg = Release|Any CPU
		{E38E4E6A-26E4-4141-B216-875EF04FD437}.Release|Any CPU.Build.0 = Release|Any CPU
		{846F7674-C751-4693-84DF-DBB85DB37E8A}.Debug|Any CPU.ActiveCfg = Debug|Any CPU
		{846F7674-C751-4693-84DF-DBB85DB37E8A}.Debug|Any CPU.Build.0 = Debug|Any CPU
		{846F7674-C751-4693-84DF-DBB85DB37E8A}.Release|Any CPU.ActiveCfg = Release|Any CPU
		{846F7674-C751-4693-84DF-DBB85DB37E8A}.Release|Any CPU.Build.0 = Release|Any CPU
		{A954625C-D4F8-4FFA-80B3-019B8DF71122}.Debug|Any CPU.ActiveCfg = Debug|Any CPU
		{A954625C-D4F8-4FFA-80B3-019B8DF71122}.Debug|Any CPU.Build.0 = Debug|Any CPU
		{A954625C-D4F8-4FFA-80B3-019B8DF71122}.Release|Any CPU.ActiveCfg = Release|Any CPU
		{A954625C-D4F8-4FFA-80B3-019B8DF71122}.Release|Any CPU.Build.0 = Release|Any CPU
	EndGlobalSection
	GlobalSection(SolutionProperties) = preSolution
		HideSolutionNode = FALSE
	EndGlobalSection
	GlobalSection(NestedProjects) = preSolution
		{C4E8CC3B-02CF-4836-BEEC-BFC6E7F544B4} = {E1151ADD-69EA-4ADF-B427-A9F45395F6A1}
		{E38E4E6A-26E4-4141-B216-875EF04FD437} = {FA778E94-D047-4427-A651-1E1718BDADC5}
		{846F7674-C751-4693-84DF-DBB85DB37E8A} = {94AC6F55-6EF4-4974-9E59-55E566AEE5D4}
		{A954625C-D4F8-4FFA-80B3-019B8DF71122} = {FA778E94-D047-4427-A651-1E1718BDADC5}
	EndGlobalSection
	GlobalSection(ExtensibilityGlobals) = postSolution
		SolutionGuid = {5FF724A0-8088-4D13-9F13-1A014B69939C}
	EndGlobalSection
EndGlobal
